
Microsoft Visual Studio Solution File, Format Version 12.00
# Visual Studio Version 16
VisualStudioVersion = 16.0.30225.117
MinimumVisualStudioVersion = 10.0.40219.1
Project("{FAE04EC0-301F-11D3-BF4B-00C04F79EFBC}") = "PruebaXamarin.Android", "PruebaXamarin.Android\PruebaXamarin.Android.csproj", "{DCB7CD71-A797-4310-82ED-9661B021D8EA}"
EndProject
Project("{FAE04EC0-301F-11D3-BF4B-00C04F79EFBC}") = "PruebaXamarin.iOS", "PruebaXamarin.iOS\PruebaXamarin.iOS.csproj", "{5E3C48BE-F7B0-48AB-BE8F-7EDCF551B9F3}"
EndProject
Project("{9A19103F-16F7-4668-BE54-9A1E7A4F7556}") = "PruebaXamarin", "PruebaXamarin\PruebaXamarin.csproj", "{E5C7E194-ADC6-4F37-8F74-CA1723AE7D8E}"
EndProject
Global
	GlobalSection(SolutionConfigurationPlatforms) = preSolution
		Debug|Any CPU = Debug|Any CPU
		Debug|iPhone = Debug|iPhone
		Debug|iPhoneSimulator = Debug|iPhoneSimulator
		Release|Any CPU = Release|Any CPU
		Release|iPhone = Release|iPhone
		Release|iPhoneSimulator = Release|iPhoneSimulator
	EndGlobalSection
	GlobalSection(ProjectConfigurationPlatforms) = postSolution
		{DCB7CD71-A797-4310-82ED-9661B021D8EA}.Debug|Any CPU.ActiveCfg = Debug|Any CPU
		{DCB7CD71-A797-4310-82ED-9661B021D8EA}.Debug|Any CPU.Build.0 = Debug|Any CPU
		{DCB7CD71-A797-4310-82ED-9661B021D8EA}.Debug|Any CPU.Deploy.0 = Debug|Any CPU
		{DCB7CD71-A797-4310-82ED-9661B021D8EA}.Debug|iPhone.ActiveCfg = Debug|Any CPU
		{DCB7CD71-A797-4310-82ED-9661B021D8EA}.Debug|iPhone.Build.0 = Debug|Any CPU
		{DCB7CD71-A797-4310-82ED-9661B021D8EA}.Debug|iPhone.Deploy.0 = Debug|Any CPU
		{DCB7CD71-A797-4310-82ED-9661B021D8EA}.Debug|iPhoneSimulator.ActiveCfg = Debug|Any CPU
		{DCB7CD71-A797-4310-82ED-9661B021D8EA}.Debug|iPhoneSimulator.Build.0 = Debug|Any CPU
		{DCB7CD71-A797-4310-82ED-9661B021D8EA}.Debug|iPhoneSimulator.Deploy.0 = Debug|Any CPU
		{DCB7CD71-A797-4310-82ED-9661B021D8EA}.Release|Any CPU.ActiveCfg = Release|Any CPU
		{DCB7CD71-A797-4310-82ED-9661B021D8EA}.Release|Any CPU.Build.0 = Release|Any CPU
		{DCB7CD71-A797-4310-82ED-9661B021D8EA}.Release|Any CPU.Deploy.0 = Release|Any CPU
		{DCB7CD71-A797-4310-82ED-9661B021D8EA}.Release|iPhone.ActiveCfg = Release|Any CPU
		{DCB7CD71-A797-4310-82ED-9661B021D8EA}.Release|iPhone.Build.0 = Release|Any CPU
		{DCB7CD71-A797-4310-82ED-9661B021D8EA}.Release|iPhone.Deploy.0 = Release|Any CPU
		{DCB7CD71-A797-4310-82ED-9661B021D8EA}.Release|iPhoneSimulator.ActiveCfg = Release|Any CPU
		{DCB7CD71-A797-4310-82ED-9661B021D8EA}.Release|iPhoneSimulator.Build.0 = Release|Any CPU
		{DCB7CD71-A797-4310-82ED-9661B021D8EA}.Release|iPhoneSimulator.Deploy.0 = Release|Any CPU
		{5E3C48BE-F7B0-48AB-BE8F-7EDCF551B9F3}.Debug|Any CPU.ActiveCfg = Debug|iPhone
		{5E3C48BE-F7B0-48AB-BE8F-7EDCF551B9F3}.Debug|Any CPU.Build.0 = Debug|iPhone
		{5E3C48BE-F7B0-48AB-BE8F-7EDCF551B9F3}.Debug|Any CPU.Deploy.0 = Debug|iPhone
		{5E3C48BE-F7B0-48AB-BE8F-7EDCF551B9F3}.Debug|iPhone.ActiveCfg = Debug|iPhone
		{5E3C48BE-F7B0-48AB-BE8F-7EDCF551B9F3}.Debug|iPhone.Build.0 = Debug|iPhone
		{5E3C48BE-F7B0-48AB-BE8F-7EDCF551B9F3}.Debug|iPhone.Deploy.0 = Debug|iPhone
		{5E3C48BE-F7B0-48AB-BE8F-7EDCF551B9F3}.Debug|iPhoneSimulator.ActiveCfg = Debug|iPhoneSimulator
		{5E3C48BE-F7B0-48AB-BE8F-7EDCF551B9F3}.Debug|iPhoneSimulator.Build.0 = Debug|iPhoneSimulator
		{5E3C48BE-F7B0-48AB-BE8F-7EDCF551B9F3}.Debug|iPhoneSimulator.Deploy.0 = Debug|iPhoneSimulator
		{5E3C48BE-F7B0-48AB-BE8F-7EDCF551B9F3}.Release|Any CPU.ActiveCfg = Release|iPhone
		{5E3C48BE-F7B0-48AB-BE8F-7EDCF551B9F3}.Release|Any CPU.Build.0 = Release|iPhone
		{5E3C48BE-F7B0-48AB-BE8F-7EDCF551B9F3}.Release|Any CPU.Deploy.0 = Release|iPhone
		{5E3C48BE-F7B0-48AB-BE8F-7EDCF551B9F3}.Release|iPhone.ActiveCfg = Release|iPhone
		{5E3C48BE-F7B0-48AB-BE8F-7EDCF551B9F3}.Release|iPhone.Build.0 = Release|iPhone
		{5E3C48BE-F7B0-48AB-BE8F-7EDCF551B9F3}.Release|iPhone.Deploy.0 = Release|iPhone
		{5E3C48BE-F7B0-48AB-BE8F-7EDCF551B9F3}.Release|iPhoneSimulator.ActiveCfg = Release|iPhoneSimulator
		{5E3C48BE-F7B0-48AB-BE8F-7EDCF551B9F3}.Release|iPhoneSimulator.Build.0 = Release|iPhoneSimulator
		{5E3C48BE-F7B0-48AB-BE8F-7EDCF551B9F3}.Release|iPhoneSimulator.Deploy.0 = Release|iPhoneSimulator
		{E5C7E194-ADC6-4F37-8F74-CA1723AE7D8E}.Debug|Any CPU.ActiveCfg = Debug|Any CPU
		{E5C7E194-ADC6-4F37-8F74-CA1723AE7D8E}.Debug|Any CPU.Build.0 = Debug|Any CPU
		{E5C7E194-ADC6-4F37-8F74-CA1723AE7D8E}.Debug|Any CPU.Deploy.0 = Debug|Any CPU
		{E5C7E194-ADC6-4F37-8F74-CA1723AE7D8E}.Debug|iPhone.ActiveCfg = Debug|Any CPU
		{E5C7E194-ADC6-4F37-8F74-CA1723AE7D8E}.Debug|iPhone.Build.0 = Debug|Any CPU
		{E5C7E194-ADC6-4F37-8F74-CA1723AE7D8E}.Debug|iPhone.Deploy.0 = Debug|Any CPU
		{E5C7E194-ADC6-4F37-8F74-CA1723AE7D8E}.Debug|iPhoneSimulator.ActiveCfg = Debug|Any CPU
		{E5C7E194-ADC6-4F37-8F74-CA1723AE7D8E}.Debug|iPhoneSimulator.Build.0 = Debug|Any CPU
		{E5C7E194-ADC6-4F37-8F74-CA1723AE7D8E}.Debug|iPhoneSimulator.Deploy.0 = Debug|Any CPU
		{E5C7E194-ADC6-4F37-8F74-CA1723AE7D8E}.Release|Any CPU.ActiveCfg = Release|Any CPU
		{E5C7E194-ADC6-4F37-8F74-CA1723AE7D8E}.Release|Any CPU.Build.0 = Release|Any CPU
		{E5C7E194-ADC6-4F37-8F74-CA1723AE7D8E}.Release|Any CPU.Deploy.0 = Release|Any CPU
		{E5C7E194-ADC6-4F37-8F74-CA1723AE7D8E}.Release|iPhone.ActiveCfg = Release|Any CPU
		{E5C7E194-ADC6-4F37-8F74-CA1723AE7D8E}.Release|iPhone.Build.0 = Release|Any CPU
		{E5C7E194-ADC6-4F37-8F74-CA1723AE7D8E}.Release|iPhone.Deploy.0 = Release|Any CPU
		{E5C7E194-ADC6-4F37-8F74-CA1723AE7D8E}.Release|iPhoneSimulator.ActiveCfg = Release|Any CPU
		{E5C7E194-ADC6-4F37-8F74-CA1723AE7D8E}.Release|iPhoneSimulator.Build.0 = Release|Any CPU
		{E5C7E194-ADC6-4F37-8F74-CA1723AE7D8E}.Release|iPhoneSimulator.Deploy.0 = Release|Any CPU
	EndGlobalSection
	GlobalSection(SolutionProperties) = preSolution
		HideSolutionNode = FALSE
	EndGlobalSection
	GlobalSection(ExtensibilityGlobals) = postSolution
		SolutionGuid = {B5B262A6-C02B-4707-AC34-FDD6465D0224}
	EndGlobalSection
EndGlobal
